
Microsoft Visual Studio Solution File, Format Version 12.00
# Visual Studio Version 16
VisualStudioVersion = 16.0.32106.194
MinimumVisualStudioVersion = 10.0.40219.1
Project("{FAE04EC0-301F-11D3-BF4B-00C04F79EFBC}") = "Server_messenger", "Server_messenger\Server_messenger.csproj", "{6C88EAF4-353A-4CD2-AA06-2676A64D7AB8}"
EndProject
Project("{FAE04EC0-301F-11D3-BF4B-00C04F79EFBC}") = "Client", "Client\Client.csproj", "{191984DB-3DAA-4E4F-9DFC-8A5DA830F341}"
EndProject
Global
	GlobalSection(SolutionConfigurationPlatforms) = preSolution
		Debug|Any CPU = Debug|Any CPU
		Release|Any CPU = Release|Any CPU
	EndGlobalSection
	GlobalSection(ProjectConfigurationPlatforms) = postSolution
		{6C88EAF4-353A-4CD2-AA06-2676A64D7AB8}.Debug|Any CPU.ActiveCfg = Debug|Any CPU
		{6C88EAF4-353A-4CD2-AA06-2676A64D7AB8}.Debug|Any CPU.Build.0 = Debug|Any CPU
		{6C88EAF4-353A-4CD2-AA06-2676A64D7AB8}.Release|Any CPU.ActiveCfg = Release|Any CPU
		{6C88EAF4-353A-4CD2-AA06-2676A64D7AB8}.Release|Any CPU.Build.0 = Release|Any CPU
		{191984DB-3DAA-4E4F-9DFC-8A5DA830F341}.Debug|Any CPU.ActiveCfg = Debug|Any CPU
		{191984DB-3DAA-4E4F-9DFC-8A5DA830F341}.Debug|Any CPU.Build.0 = Debug|Any CPU
		{191984DB-3DAA-4E4F-9DFC-8A5DA830F341}.Release|Any CPU.ActiveCfg = Release|Any CPU
		{191984DB-3DAA-4E4F-9DFC-8A5DA830F341}.Release|Any CPU.Build.0 = Release|Any CPU
	EndGlobalSection
	GlobalSection(SolutionProperties) = preSolution
		HideSolutionNode = FALSE
	EndGlobalSection
	GlobalSection(ExtensibilityGlobals) = postSolution
		SolutionGuid = {19653C2B-5A18-4851-93E7-82D405D0EC2F}
	EndGlobalSection
EndGlobal
